
Microsoft Visual Studio Solution File, Format Version 12.00
# Visual Studio Version 17
VisualStudioVersion = 17.9.34723.18
MinimumVisualStudioVersion = 10.0.40219.1
Project("{888888A0-9F3D-457C-B088-3A5042F75D52}") = "GameOfLife", "GameOfLife.pyproj", "{80F813D2-68FE-47C8-8CEE-73F358DD6685}"
EndProject
Global
	GlobalSection(SolutionConfigurationPlatforms) = preSolution
		Debug|Any CPU = Debug|Any CPU
		Release|Any CPU = Release|Any CPU
	EndGlobalSection
	GlobalSection(ProjectConfigurationPlatforms) = postSolution
		{80F813D2-68FE-47C8-8CEE-73F358DD6685}.Debug|Any CPU.ActiveCfg = Debug|Any CPU
		{80F813D2-68FE-47C8-8CEE-73F358DD6685}.Release|Any CPU.ActiveCfg = Release|Any CPU
	EndGlobalSection
	GlobalSection(SolutionProperties) = preSolution
		HideSolutionNode = FALSE
	EndGlobalSection
	GlobalSection(ExtensibilityGlobals) = postSolution
		SolutionGuid = {C4D94BDE-59B5-4A69-929C-7D89BA0958A5}
	EndGlobalSection
EndGlobal
